
Microsoft Visual Studio Solution File, Format Version 11.00
# Visual Studio 2010
Project("{2150E333-8FDC-42A3-9474-1A3956D46DE8}") = "Solution Items", "Solution Items", "{CA18734C-12A7-4AB4-942E-4F4EE6D3F611}"
	ProjectSection(SolutionItems) = preProject
		..\..\Project\branches\main\ApiBridge.Web.MVC.ControlPanel.vsmdi = ..\..\Project\branches\main\ApiBridge.Web.MVC.ControlPanel.vsmdi
		ApiBridge.Web.MVC.ControlPanel.vsmdi = ApiBridge.Web.MVC.ControlPanel.vsmdi
		..\..\Project\branches\main\Local.testsettings = ..\..\Project\branches\main\Local.testsettings
		..\..\Project\branches\main\TraceAndTestImpact.testsettings = ..\..\Project\branches\main\TraceAndTestImpact.testsettings
	EndProjectSection
EndProject
Project("{FAE04EC0-301F-11D3-BF4B-00C04F79EFBC}") = "ApiBridge.Web.MVC.ControlPanel", "ApiBridge.Web.MVC.ControlPanel\ApiBridge.Web.MVC.ControlPanel.csproj", "{DFE3D6A2-B43C-415E-8FFB-E3322DE83E96}"
EndProject
Project("{FAE04EC0-301F-11D3-BF4B-00C04F79EFBC}") = "ApiBridge.Web.MVC.ControlPanel.Tests", "ApiBridge.Web.MVC.ControlPanel.Tests\ApiBridge.Web.MVC.ControlPanel.Tests.csproj", "{AB2A7EF3-CB02-488E-A7EC-5F27F4FA38A9}"
EndProject
Project("{FAE04EC0-301F-11D3-BF4B-00C04F79EFBC}") = "ApiBridge.Web.Services", "ApiBridge.Web.Services\ApiBridge.Web.Services.csproj", "{5B782938-D36E-4ED0-8148-5909F4425740}"
EndProject
Project("{FAE04EC0-301F-11D3-BF4B-00C04F79EFBC}") = "ApiBridge.Web.Interfaces", "ApiBridge.Web.Interfaces\ApiBridge.Web.Interfaces.csproj", "{C970FFB8-1819-427D-A896-AEB36DF97447}"
EndProject
Project("{CC5FD16D-436D-48AD-A40C-5A424C6E3E79}") = "ApiBridge.Web.MVC.ControlPanel.Azure", "ApiBridge.Web.MVC.ControlPanel.Azure\ApiBridge.Web.MVC.ControlPanel.Azure.ccproj", "{2D203BBC-33AD-4BA5-93AB-E6E979C5AF94}"
EndProject
Project("{FAE04EC0-301F-11D3-BF4B-00C04F79EFBC}") = "ApiBridge.Core.Services", "ApiBridge.Core.Services\ApiBridge.Core.Services.csproj", "{7E10F3FB-8B49-4639-8AEC-8FF866E9ADD6}"
EndProject
Project("{FAE04EC0-301F-11D3-BF4B-00C04F79EFBC}") = "ApiBridge.Core.Interfaces", "ApiBridge.Core.Interfaces\ApiBridge.Core.Interfaces.csproj", "{49E6C297-6D22-4656-94FA-EC11D180AE58}"
EndProject
Project("{2150E333-8FDC-42A3-9474-1A3956D46DE8}") = "Core", "Core", "{7E98420F-A542-4F99-A819-1D15782CD9CC}"
EndProject
Project("{2150E333-8FDC-42A3-9474-1A3956D46DE8}") = "Bus", "Bus", "{488E43E9-D6A5-4226-AECC-F642F8DA2C87}"
EndProject
Project("{2150E333-8FDC-42A3-9474-1A3956D46DE8}") = "Providers", "Providers", "{B67D9067-24B4-4A2D-8174-DD694DAF2E4B}"
EndProject
Project("{FAE04EC0-301F-11D3-BF4B-00C04F79EFBC}") = "ApiBridge.Core.RavenDBMembership", "ApiBridge.Core.RavenDBMembership\ApiBridge.Core.RavenDBMembership.csproj", "{EE34E3F1-EF56-4A21-BA10-437081D4D7CC}"
EndProject
Project("{FAE04EC0-301F-11D3-BF4B-00C04F79EFBC}") = "ApiBridge.ConsolePanel", "ApiBridge.ConsolePanel\ApiBridge.ConsolePanel.csproj", "{B5D99B5F-6DD6-4319-8A16-BCC43DDAB1F7}"
EndProject
Project("{FAE04EC0-301F-11D3-BF4B-00C04F79EFBC}") = "ApiBridge.Contracts", "ApiBridge.Contracts\ApiBridge.Contracts.csproj", "{0CB96F75-A884-481A-9762-F1D29C3D563A}"
EndProject
Project("{FAE04EC0-301F-11D3-BF4B-00C04F79EFBC}") = "ApiBridge.Handlers", "ApiBridge.Handlers\ApiBridge.Handlers.csproj", "{5AA5C664-BAB0-4711-B8BC-53D856BA3EF7}"
EndProject
Project("{FAE04EC0-301F-11D3-BF4B-00C04F79EFBC}") = "ApiBridge.Handlers.Interfaces", "ApiBridge.Handlers.Interfaces\ApiBridge.Handlers.Interfaces.csproj", "{04C82F00-5ED6-4296-B2AC-BD264F675C51}"
EndProject
Project("{2150E333-8FDC-42A3-9474-1A3956D46DE8}") = "Contracts", "Contracts", "{4BF59E86-25D0-4F3E-9A25-3A57DDA9572E}"
EndProject
Project("{2150E333-8FDC-42A3-9474-1A3956D46DE8}") = "Handlers", "Handlers", "{CBBEAADF-A929-453B-84D3-6E31B388B54A}"
EndProject
Project("{2150E333-8FDC-42A3-9474-1A3956D46DE8}") = "Commands", "Commands", "{5999DCD5-1B28-4253-98B6-283F5DDC4983}"
EndProject
Project("{FAE04EC0-301F-11D3-BF4B-00C04F79EFBC}") = "ApiBridge.Commands", "ApiBridge.Commands\ApiBridge.Commands.csproj", "{ACDC462E-8219-4D63-8C31-EB94CF7E6A5A}"
EndProject
Project("{FAE04EC0-301F-11D3-BF4B-00C04F79EFBC}") = "ApiBridge.ConsoleService", "ApiBridge.ConsoleService\ApiBridge.ConsoleService.csproj", "{9D968E8B-6D6E-47A7-8146-3A76558E1E78}"
EndProject
Project("{FAE04EC0-301F-11D3-BF4B-00C04F79EFBC}") = "ApiBridge.Bus", "ApiBridge.Bus\ApiBridge.Bus.csproj", "{3747FBA0-6B78-433F-A5F7-F7D62975AFCB}"
EndProject
Project("{2150E333-8FDC-42A3-9474-1A3956D46DE8}") = "Consoles", "Consoles", "{A4AB1D9D-821E-4524-91C2-0844A0A3F6E2}"
EndProject
Global
	GlobalSection(TestCaseManagementSettings) = postSolution
		CategoryFile = ApiBridge.Web.MVC.ControlPanel.vsmdi
	EndGlobalSection
	GlobalSection(SolutionConfigurationPlatforms) = preSolution
		Debug|Any CPU = Debug|Any CPU
		Debug|Mixed Platforms = Debug|Mixed Platforms
		Debug|x86 = Debug|x86
		Production|Any CPU = Production|Any CPU
		Production|Mixed Platforms = Production|Mixed Platforms
		Production|x86 = Production|x86
		Release|Any CPU = Release|Any CPU
		Release|Mixed Platforms = Release|Mixed Platforms
		Release|x86 = Release|x86
		TestLiveBackup|Any CPU = TestLiveBackup|Any CPU
		TestLiveBackup|Mixed Platforms = TestLiveBackup|Mixed Platforms
		TestLiveBackup|x86 = TestLiveBackup|x86
		TestServer|Any CPU = TestServer|Any CPU
		TestServer|Mixed Platforms = TestServer|Mixed Platforms
		TestServer|x86 = TestServer|x86
	EndGlobalSection
	GlobalSection(ProjectConfigurationPlatforms) = postSolution
		{DFE3D6A2-B43C-415E-8FFB-E3322DE83E96}.Debug|Any CPU.ActiveCfg = Debug|Any CPU
		{DFE3D6A2-B43C-415E-8FFB-E3322DE83E96}.Debug|Any CPU.Build.0 = Debug|Any CPU
		{DFE3D6A2-B43C-415E-8FFB-E3322DE83E96}.Debug|Mixed Platforms.ActiveCfg = Debug|Any CPU
		{DFE3D6A2-B43C-415E-8FFB-E3322DE83E96}.Debug|Mixed Platforms.Build.0 = Debug|Any CPU
		{DFE3D6A2-B43C-415E-8FFB-E3322DE83E96}.Debug|x86.ActiveCfg = Debug|Any CPU
		{DFE3D6A2-B43C-415E-8FFB-E3322DE83E96}.Production|Any CPU.ActiveCfg = Release|Any CPU
		{DFE3D6A2-B43C-415E-8FFB-E3322DE83E96}.Production|Any CPU.Build.0 = Release|Any CPU
		{DFE3D6A2-B43C-415E-8FFB-E3322DE83E96}.Production|Mixed Platforms.ActiveCfg = Release|Any CPU
		{DFE3D6A2-B43C-415E-8FFB-E3322DE83E96}.Production|Mixed Platforms.Build.0 = Release|Any CPU
		{DFE3D6A2-B43C-415E-8FFB-E3322DE83E96}.Production|x86.ActiveCfg = Release|Any CPU
		{DFE3D6A2-B43C-415E-8FFB-E3322DE83E96}.Release|Any CPU.ActiveCfg = Release|Any CPU
		{DFE3D6A2-B43C-415E-8FFB-E3322DE83E96}.Release|Any CPU.Build.0 = Release|Any CPU
		{DFE3D6A2-B43C-415E-8FFB-E3322DE83E96}.Release|Mixed Platforms.ActiveCfg = Release|Any CPU
		{DFE3D6A2-B43C-415E-8FFB-E3322DE83E96}.Release|Mixed Platforms.Build.0 = Release|Any CPU
		{DFE3D6A2-B43C-415E-8FFB-E3322DE83E96}.Release|x86.ActiveCfg = Release|Any CPU
		{DFE3D6A2-B43C-415E-8FFB-E3322DE83E96}.TestLiveBackup|Any CPU.ActiveCfg = Release|Any CPU
		{DFE3D6A2-B43C-415E-8FFB-E3322DE83E96}.TestLiveBackup|Any CPU.Build.0 = Release|Any CPU
		{DFE3D6A2-B43C-415E-8FFB-E3322DE83E96}.TestLiveBackup|Mixed Platforms.ActiveCfg = Release|Any CPU
		{DFE3D6A2-B43C-415E-8FFB-E3322DE83E96}.TestLiveBackup|Mixed Platforms.Build.0 = Release|Any CPU
		{DFE3D6A2-B43C-415E-8FFB-E3322DE83E96}.TestLiveBackup|x86.ActiveCfg = Release|Any CPU
		{DFE3D6A2-B43C-415E-8FFB-E3322DE83E96}.TestServer|Any CPU.ActiveCfg = Release|Any CPU
		{DFE3D6A2-B43C-415E-8FFB-E3322DE83E96}.TestServer|Any CPU.Build.0 = Release|Any CPU
		{DFE3D6A2-B43C-415E-8FFB-E3322DE83E96}.TestServer|Mixed Platforms.ActiveCfg = Release|Any CPU
		{DFE3D6A2-B43C-415E-8FFB-E3322DE83E96}.TestServer|Mixed Platforms.Build.0 = Release|Any CPU
		{DFE3D6A2-B43C-415E-8FFB-E3322DE83E96}.TestServer|x86.ActiveCfg = Release|Any CPU
		{AB2A7EF3-CB02-488E-A7EC-5F27F4FA38A9}.Debug|Any CPU.ActiveCfg = Debug|Any CPU
		{AB2A7EF3-CB02-488E-A7EC-5F27F4FA38A9}.Debug|Any CPU.Build.0 = Debug|Any CPU
		{AB2A7EF3-CB02-488E-A7EC-5F27F4FA38A9}.Debug|Mixed Platforms.ActiveCfg = Debug|Any CPU
		{AB2A7EF3-CB02-488E-A7EC-5F27F4FA38A9}.Debug|Mixed Platforms.Build.0 = Debug|Any CPU
		{AB2A7EF3-CB02-488E-A7EC-5F27F4FA38A9}.Debug|x86.ActiveCfg = Debug|Any CPU
		{AB2A7EF3-CB02-488E-A7EC-5F27F4FA38A9}.Production|Any CPU.ActiveCfg = Release|Any CPU
		{AB2A7EF3-CB02-488E-A7EC-5F27F4FA38A9}.Production|Any CPU.Build.0 = Release|Any CPU
		{AB2A7EF3-CB02-488E-A7EC-5F27F4FA38A9}.Production|Mixed Platforms.ActiveCfg = Release|Any CPU
		{AB2A7EF3-CB02-488E-A7EC-5F27F4FA38A9}.Production|Mixed Platforms.Build.0 = Release|Any CPU
		{AB2A7EF3-CB02-488E-A7EC-5F27F4FA38A9}.Production|x86.ActiveCfg = Release|Any CPU
		{AB2A7EF3-CB02-488E-A7EC-5F27F4FA38A9}.Release|Any CPU.ActiveCfg = Release|Any CPU
		{AB2A7EF3-CB02-488E-A7EC-5F27F4FA38A9}.Release|Any CPU.Build.0 = Release|Any CPU
		{AB2A7EF3-CB02-488E-A7EC-5F27F4FA38A9}.Release|Mixed Platforms.ActiveCfg = Release|Any CPU
		{AB2A7EF3-CB02-488E-A7EC-5F27F4FA38A9}.Release|Mixed Platforms.Build.0 = Release|Any CPU
		{AB2A7EF3-CB02-488E-A7EC-5F27F4FA38A9}.Release|x86.ActiveCfg = Release|Any CPU
		{AB2A7EF3-CB02-488E-A7EC-5F27F4FA38A9}.TestLiveBackup|Any CPU.ActiveCfg = Release|Any CPU
		{AB2A7EF3-CB02-488E-A7EC-5F27F4FA38A9}.TestLiveBackup|Any CPU.Build.0 = Release|Any CPU
		{AB2A7EF3-CB02-488E-A7EC-5F27F4FA38A9}.TestLiveBackup|Mixed Platforms.ActiveCfg = Release|Any CPU
		{AB2A7EF3-CB02-488E-A7EC-5F27F4FA38A9}.TestLiveBackup|Mixed Platforms.Build.0 = Release|Any CPU
		{AB2A7EF3-CB02-488E-A7EC-5F27F4FA38A9}.TestLiveBackup|x86.ActiveCfg = Release|Any CPU
		{AB2A7EF3-CB02-488E-A7EC-5F27F4FA38A9}.TestServer|Any CPU.ActiveCfg = Release|Any CPU
		{AB2A7EF3-CB02-488E-A7EC-5F27F4FA38A9}.TestServer|Any CPU.Build.0 = Release|Any CPU
		{AB2A7EF3-CB02-488E-A7EC-5F27F4FA38A9}.TestServer|Mixed Platforms.ActiveCfg = Release|Any CPU
		{AB2A7EF3-CB02-488E-A7EC-5F27F4FA38A9}.TestServer|Mixed Platforms.Build.0 = Release|Any CPU
		{AB2A7EF3-CB02-488E-A7EC-5F27F4FA38A9}.TestServer|x86.ActiveCfg = Release|Any CPU
		{5B782938-D36E-4ED0-8148-5909F4425740}.Debug|Any CPU.ActiveCfg = Debug|Any CPU
		{5B782938-D36E-4ED0-8148-5909F4425740}.Debug|Any CPU.Build.0 = Debug|Any CPU
		{5B782938-D36E-4ED0-8148-5909F4425740}.Debug|Mixed Platforms.ActiveCfg = Debug|Any CPU
		{5B782938-D36E-4ED0-8148-5909F4425740}.Debug|Mixed Platforms.Build.0 = Debug|Any CPU
		{5B782938-D36E-4ED0-8148-5909F4425740}.Debug|x86.ActiveCfg = Debug|Any CPU
		{5B782938-D36E-4ED0-8148-5909F4425740}.Production|Any CPU.ActiveCfg = Release|Any CPU
		{5B782938-D36E-4ED0-8148-5909F4425740}.Production|Any CPU.Build.0 = Release|Any CPU
		{5B782938-D36E-4ED0-8148-5909F4425740}.Production|Mixed Platforms.ActiveCfg = Release|Any CPU
		{5B782938-D36E-4ED0-8148-5909F4425740}.Production|Mixed Platforms.Build.0 = Release|Any CPU
		{5B782938-D36E-4ED0-8148-5909F4425740}.Production|x86.ActiveCfg = Release|Any CPU
		{5B782938-D36E-4ED0-8148-5909F4425740}.Release|Any CPU.ActiveCfg = Release|Any CPU
		{5B782938-D36E-4ED0-8148-5909F4425740}.Release|Any CPU.Build.0 = Release|Any CPU
		{5B782938-D36E-4ED0-8148-5909F4425740}.Release|Mixed Platforms.ActiveCfg = Release|Any CPU
		{5B782938-D36E-4ED0-8148-5909F4425740}.Release|Mixed Platforms.Build.0 = Release|Any CPU
		{5B782938-D36E-4ED0-8148-5909F4425740}.Release|x86.ActiveCfg = Release|Any CPU
		{5B782938-D36E-4ED0-8148-5909F4425740}.TestLiveBackup|Any CPU.ActiveCfg = Release|Any CPU
		{5B782938-D36E-4ED0-8148-5909F4425740}.TestLiveBackup|Any CPU.Build.0 = Release|Any CPU
		{5B782938-D36E-4ED0-8148-5909F4425740}.TestLiveBackup|Mixed Platforms.ActiveCfg = Release|Any CPU
		{5B782938-D36E-4ED0-8148-5909F4425740}.TestLiveBackup|Mixed Platforms.Build.0 = Release|Any CPU
		{5B782938-D36E-4ED0-8148-5909F4425740}.TestLiveBackup|x86.ActiveCfg = Release|Any CPU
		{5B782938-D36E-4ED0-8148-5909F4425740}.TestServer|Any CPU.ActiveCfg = Release|Any CPU
		{5B782938-D36E-4ED0-8148-5909F4425740}.TestServer|Any CPU.Build.0 = Release|Any CPU
		{5B782938-D36E-4ED0-8148-5909F4425740}.TestServer|Mixed Platforms.ActiveCfg = Release|Any CPU
		{5B782938-D36E-4ED0-8148-5909F4425740}.TestServer|Mixed Platforms.Build.0 = Release|Any CPU
		{5B782938-D36E-4ED0-8148-5909F4425740}.TestServer|x86.ActiveCfg = Release|Any CPU
		{C970FFB8-1819-427D-A896-AEB36DF97447}.Debug|Any CPU.ActiveCfg = Debug|Any CPU
		{C970FFB8-1819-427D-A896-AEB36DF97447}.Debug|Any CPU.Build.0 = Debug|Any CPU
		{C970FFB8-1819-427D-A896-AEB36DF97447}.Debug|Mixed Platforms.ActiveCfg = Debug|Any CPU
		{C970FFB8-1819-427D-A896-AEB36DF97447}.Debug|Mixed Platforms.Build.0 = Debug|Any CPU
		{C970FFB8-1819-427D-A896-AEB36DF97447}.Debug|x86.ActiveCfg = Debug|Any CPU
		{C970FFB8-1819-427D-A896-AEB36DF97447}.Production|Any CPU.ActiveCfg = Release|Any CPU
		{C970FFB8-1819-427D-A896-AEB36DF97447}.Production|Any CPU.Build.0 = Release|Any CPU
		{C970FFB8-1819-427D-A896-AEB36DF97447}.Production|Mixed Platforms.ActiveCfg = Release|Any CPU
		{C970FFB8-1819-427D-A896-AEB36DF97447}.Production|Mixed Platforms.Build.0 = Release|Any CPU
		{C970FFB8-1819-427D-A896-AEB36DF97447}.Production|x86.ActiveCfg = Release|Any CPU
		{C970FFB8-1819-427D-A896-AEB36DF97447}.Release|Any CPU.ActiveCfg = Release|Any CPU
		{C970FFB8-1819-427D-A896-AEB36DF97447}.Release|Any CPU.Build.0 = Release|Any CPU
		{C970FFB8-1819-427D-A896-AEB36DF97447}.Release|Mixed Platforms.ActiveCfg = Release|Any CPU
		{C970FFB8-1819-427D-A896-AEB36DF97447}.Release|Mixed Platforms.Build.0 = Release|Any CPU
		{C970FFB8-1819-427D-A896-AEB36DF97447}.Release|x86.ActiveCfg = Release|Any CPU
		{C970FFB8-1819-427D-A896-AEB36DF97447}.TestLiveBackup|Any CPU.ActiveCfg = Release|Any CPU
		{C970FFB8-1819-427D-A896-AEB36DF97447}.TestLiveBackup|Any CPU.Build.0 = Release|Any CPU
		{C970FFB8-1819-427D-A896-AEB36DF97447}.TestLiveBackup|Mixed Platforms.ActiveCfg = Release|Any CPU
		{C970FFB8-1819-427D-A896-AEB36DF97447}.TestLiveBackup|Mixed Platforms.Build.0 = Release|Any CPU
		{C970FFB8-1819-427D-A896-AEB36DF97447}.TestLiveBackup|x86.ActiveCfg = Release|Any CPU
		{C970FFB8-1819-427D-A896-AEB36DF97447}.TestServer|Any CPU.ActiveCfg = Release|Any CPU
		{C970FFB8-1819-427D-A896-AEB36DF97447}.TestServer|Any CPU.Build.0 = Release|Any CPU
		{C970FFB8-1819-427D-A896-AEB36DF97447}.TestServer|Mixed Platforms.ActiveCfg = Release|Any CPU
		{C970FFB8-1819-427D-A896-AEB36DF97447}.TestServer|Mixed Platforms.Build.0 = Release|Any CPU
		{C970FFB8-1819-427D-A896-AEB36DF97447}.TestServer|x86.ActiveCfg = Release|Any CPU
		{2D203BBC-33AD-4BA5-93AB-E6E979C5AF94}.Debug|Any CPU.ActiveCfg = Debug|Any CPU
		{2D203BBC-33AD-4BA5-93AB-E6E979C5AF94}.Debug|Any CPU.Build.0 = Debug|Any CPU
		{2D203BBC-33AD-4BA5-93AB-E6E979C5AF94}.Debug|Mixed Platforms.ActiveCfg = Debug|Any CPU
		{2D203BBC-33AD-4BA5-93AB-E6E979C5AF94}.Debug|Mixed Platforms.Build.0 = Debug|Any CPU
		{2D203BBC-33AD-4BA5-93AB-E6E979C5AF94}.Debug|x86.ActiveCfg = Debug|Any CPU
		{2D203BBC-33AD-4BA5-93AB-E6E979C5AF94}.Production|Any CPU.ActiveCfg = Release|Any CPU
		{2D203BBC-33AD-4BA5-93AB-E6E979C5AF94}.Production|Any CPU.Build.0 = Release|Any CPU
		{2D203BBC-33AD-4BA5-93AB-E6E979C5AF94}.Production|Mixed Platforms.ActiveCfg = Release|Any CPU
		{2D203BBC-33AD-4BA5-93AB-E6E979C5AF94}.Production|Mixed Platforms.Build.0 = Release|Any CPU
		{2D203BBC-33AD-4BA5-93AB-E6E979C5AF94}.Production|x86.ActiveCfg = Release|Any CPU
		{2D203BBC-33AD-4BA5-93AB-E6E979C5AF94}.Release|Any CPU.ActiveCfg = Release|Any CPU
		{2D203BBC-33AD-4BA5-93AB-E6E979C5AF94}.Release|Any CPU.Build.0 = Release|Any CPU
		{2D203BBC-33AD-4BA5-93AB-E6E979C5AF94}.Release|Mixed Platforms.ActiveCfg = Release|Any CPU
		{2D203BBC-33AD-4BA5-93AB-E6E979C5AF94}.Release|Mixed Platforms.Build.0 = Release|Any CPU
		{2D203BBC-33AD-4BA5-93AB-E6E979C5AF94}.Release|x86.ActiveCfg = Release|Any CPU
		{2D203BBC-33AD-4BA5-93AB-E6E979C5AF94}.TestLiveBackup|Any CPU.ActiveCfg = Release|Any CPU
		{2D203BBC-33AD-4BA5-93AB-E6E979C5AF94}.TestLiveBackup|Any CPU.Build.0 = Release|Any CPU
		{2D203BBC-33AD-4BA5-93AB-E6E979C5AF94}.TestLiveBackup|Mixed Platforms.ActiveCfg = Release|Any CPU
		{2D203BBC-33AD-4BA5-93AB-E6E979C5AF94}.TestLiveBackup|Mixed Platforms.Build.0 = Release|Any CPU
		{2D203BBC-33AD-4BA5-93AB-E6E979C5AF94}.TestLiveBackup|x86.ActiveCfg = Release|Any CPU
		{2D203BBC-33AD-4BA5-93AB-E6E979C5AF94}.TestServer|Any CPU.ActiveCfg = Release|Any CPU
		{2D203BBC-33AD-4BA5-93AB-E6E979C5AF94}.TestServer|Any CPU.Build.0 = Release|Any CPU
		{2D203BBC-33AD-4BA5-93AB-E6E979C5AF94}.TestServer|Mixed Platforms.ActiveCfg = Release|Any CPU
		{2D203BBC-33AD-4BA5-93AB-E6E979C5AF94}.TestServer|Mixed Platforms.Build.0 = Release|Any CPU
		{2D203BBC-33AD-4BA5-93AB-E6E979C5AF94}.TestServer|x86.ActiveCfg = Release|Any CPU
		{7E10F3FB-8B49-4639-8AEC-8FF866E9ADD6}.Debug|Any CPU.ActiveCfg = Debug|Any CPU
		{7E10F3FB-8B49-4639-8AEC-8FF866E9ADD6}.Debug|Any CPU.Build.0 = Debug|Any CPU
		{7E10F3FB-8B49-4639-8AEC-8FF866E9ADD6}.Debug|Mixed Platforms.ActiveCfg = Debug|Any CPU
		{7E10F3FB-8B49-4639-8AEC-8FF866E9ADD6}.Debug|Mixed Platforms.Build.0 = Debug|Any CPU
		{7E10F3FB-8B49-4639-8AEC-8FF866E9ADD6}.Debug|x86.ActiveCfg = Debug|Any CPU
		{7E10F3FB-8B49-4639-8AEC-8FF866E9ADD6}.Production|Any CPU.ActiveCfg = Release|Any CPU
		{7E10F3FB-8B49-4639-8AEC-8FF866E9ADD6}.Production|Any CPU.Build.0 = Release|Any CPU
		{7E10F3FB-8B49-4639-8AEC-8FF866E9ADD6}.Production|Mixed Platforms.ActiveCfg = Release|Any CPU
		{7E10F3FB-8B49-4639-8AEC-8FF866E9ADD6}.Production|Mixed Platforms.Build.0 = Release|Any CPU
		{7E10F3FB-8B49-4639-8AEC-8FF866E9ADD6}.Production|x86.ActiveCfg = Release|Any CPU
		{7E10F3FB-8B49-4639-8AEC-8FF866E9ADD6}.Release|Any CPU.ActiveCfg = Release|Any CPU
		{7E10F3FB-8B49-4639-8AEC-8FF866E9ADD6}.Release|Any CPU.Build.0 = Release|Any CPU
		{7E10F3FB-8B49-4639-8AEC-8FF866E9ADD6}.Release|Mixed Platforms.ActiveCfg = Release|Any CPU
		{7E10F3FB-8B49-4639-8AEC-8FF866E9ADD6}.Release|Mixed Platforms.Build.0 = Release|Any CPU
		{7E10F3FB-8B49-4639-8AEC-8FF866E9ADD6}.Release|x86.ActiveCfg = Release|Any CPU
		{7E10F3FB-8B49-4639-8AEC-8FF866E9ADD6}.TestLiveBackup|Any CPU.ActiveCfg = Release|Any CPU
		{7E10F3FB-8B49-4639-8AEC-8FF866E9ADD6}.TestLiveBackup|Any CPU.Build.0 = Release|Any CPU
		{7E10F3FB-8B49-4639-8AEC-8FF866E9ADD6}.TestLiveBackup|Mixed Platforms.ActiveCfg = Release|Any CPU
		{7E10F3FB-8B49-4639-8AEC-8FF866E9ADD6}.TestLiveBackup|Mixed Platforms.Build.0 = Release|Any CPU
		{7E10F3FB-8B49-4639-8AEC-8FF866E9ADD6}.TestLiveBackup|x86.ActiveCfg = Release|Any CPU
		{7E10F3FB-8B49-4639-8AEC-8FF866E9ADD6}.TestServer|Any CPU.ActiveCfg = Release|Any CPU
		{7E10F3FB-8B49-4639-8AEC-8FF866E9ADD6}.TestServer|Any CPU.Build.0 = Release|Any CPU
		{7E10F3FB-8B49-4639-8AEC-8FF866E9ADD6}.TestServer|Mixed Platforms.ActiveCfg = Release|Any CPU
		{7E10F3FB-8B49-4639-8AEC-8FF866E9ADD6}.TestServer|Mixed Platforms.Build.0 = Release|Any CPU
		{7E10F3FB-8B49-4639-8AEC-8FF866E9ADD6}.TestServer|x86.ActiveCfg = Release|Any CPU
		{49E6C297-6D22-4656-94FA-EC11D180AE58}.Debug|Any CPU.ActiveCfg = Debug|Any CPU
		{49E6C297-6D22-4656-94FA-EC11D180AE58}.Debug|Any CPU.Build.0 = Debug|Any CPU
		{49E6C297-6D22-4656-94FA-EC11D180AE58}.Debug|Mixed Platforms.ActiveCfg = Debug|Any CPU
		{49E6C297-6D22-4656-94FA-EC11D180AE58}.Debug|Mixed Platforms.Build.0 = Debug|Any CPU
		{49E6C297-6D22-4656-94FA-EC11D180AE58}.Debug|x86.ActiveCfg = Debug|Any CPU
		{49E6C297-6D22-4656-94FA-EC11D180AE58}.Production|Any CPU.ActiveCfg = Release|Any CPU
		{49E6C297-6D22-4656-94FA-EC11D180AE58}.Production|Any CPU.Build.0 = Release|Any CPU
		{49E6C297-6D22-4656-94FA-EC11D180AE58}.Production|Mixed Platforms.ActiveCfg = Release|Any CPU
		{49E6C297-6D22-4656-94FA-EC11D180AE58}.Production|Mixed Platforms.Build.0 = Release|Any CPU
		{49E6C297-6D22-4656-94FA-EC11D180AE58}.Production|x86.ActiveCfg = Release|Any CPU
		{49E6C297-6D22-4656-94FA-EC11D180AE58}.Release|Any CPU.ActiveCfg = Release|Any CPU
		{49E6C297-6D22-4656-94FA-EC11D180AE58}.Release|Any CPU.Build.0 = Release|Any CPU
		{49E6C297-6D22-4656-94FA-EC11D180AE58}.Release|Mixed Platforms.ActiveCfg = Release|Any CPU
		{49E6C297-6D22-4656-94FA-EC11D180AE58}.Release|Mixed Platforms.Build.0 = Release|Any CPU
		{49E6C297-6D22-4656-94FA-EC11D180AE58}.Release|x86.ActiveCfg = Release|Any CPU
		{49E6C297-6D22-4656-94FA-EC11D180AE58}.TestLiveBackup|Any CPU.ActiveCfg = Release|Any CPU
		{49E6C297-6D22-4656-94FA-EC11D180AE58}.TestLiveBackup|Any CPU.Build.0 = Release|Any CPU
		{49E6C297-6D22-4656-94FA-EC11D180AE58}.TestLiveBackup|Mixed Platforms.ActiveCfg = Release|Any CPU
		{49E6C297-6D22-4656-94FA-EC11D180AE58}.TestLiveBackup|Mixed Platforms.Build.0 = Release|Any CPU
		{49E6C297-6D22-4656-94FA-EC11D180AE58}.TestLiveBackup|x86.ActiveCfg = Release|Any CPU
		{49E6C297-6D22-4656-94FA-EC11D180AE58}.TestServer|Any CPU.ActiveCfg = Release|Any CPU
		{49E6C297-6D22-4656-94FA-EC11D180AE58}.TestServer|Any CPU.Build.0 = Release|Any CPU
		{49E6C297-6D22-4656-94FA-EC11D180AE58}.TestServer|Mixed Platforms.ActiveCfg = Release|Any CPU
		{49E6C297-6D22-4656-94FA-EC11D180AE58}.TestServer|Mixed Platforms.Build.0 = Release|Any CPU
		{49E6C297-6D22-4656-94FA-EC11D180AE58}.TestServer|x86.ActiveCfg = Release|Any CPU
		{EE34E3F1-EF56-4A21-BA10-437081D4D7CC}.Debug|Any CPU.ActiveCfg = Debug|Any CPU
		{EE34E3F1-EF56-4A21-BA10-437081D4D7CC}.Debug|Any CPU.Build.0 = Debug|Any CPU
		{EE34E3F1-EF56-4A21-BA10-437081D4D7CC}.Debug|Mixed Platforms.ActiveCfg = Debug|Any CPU
		{EE34E3F1-EF56-4A21-BA10-437081D4D7CC}.Debug|Mixed Platforms.Build.0 = Debug|Any CPU
		{EE34E3F1-EF56-4A21-BA10-437081D4D7CC}.Debug|x86.ActiveCfg = Debug|Any CPU
		{EE34E3F1-EF56-4A21-BA10-437081D4D7CC}.Production|Any CPU.ActiveCfg = Release|Any CPU
		{EE34E3F1-EF56-4A21-BA10-437081D4D7CC}.Production|Any CPU.Build.0 = Release|Any CPU
		{EE34E3F1-EF56-4A21-BA10-437081D4D7CC}.Production|Mixed Platforms.ActiveCfg = Release|Any CPU
		{EE34E3F1-EF56-4A21-BA10-437081D4D7CC}.Production|Mixed Platforms.Build.0 = Release|Any CPU
		{EE34E3F1-EF56-4A21-BA10-437081D4D7CC}.Production|x86.ActiveCfg = Release|Any CPU
		{EE34E3F1-EF56-4A21-BA10-437081D4D7CC}.Release|Any CPU.ActiveCfg = Release|Any CPU
		{EE34E3F1-EF56-4A21-BA10-437081D4D7CC}.Release|Any CPU.Build.0 = Release|Any CPU
		{EE34E3F1-EF56-4A21-BA10-437081D4D7CC}.Release|Mixed Platforms.ActiveCfg = Release|Any CPU
		{EE34E3F1-EF56-4A21-BA10-437081D4D7CC}.Release|Mixed Platforms.Build.0 = Release|Any CPU
		{EE34E3F1-EF56-4A21-BA10-437081D4D7CC}.Release|x86.ActiveCfg = Release|Any CPU
		{EE34E3F1-EF56-4A21-BA10-437081D4D7CC}.TestLiveBackup|Any CPU.ActiveCfg = Release|Any CPU
		{EE34E3F1-EF56-4A21-BA10-437081D4D7CC}.TestLiveBackup|Any CPU.Build.0 = Release|Any CPU
		{EE34E3F1-EF56-4A21-BA10-437081D4D7CC}.TestLiveBackup|Mixed Platforms.ActiveCfg = Release|Any CPU
		{EE34E3F1-EF56-4A21-BA10-437081D4D7CC}.TestLiveBackup|Mixed Platforms.Build.0 = Release|Any CPU
		{EE34E3F1-EF56-4A21-BA10-437081D4D7CC}.TestLiveBackup|x86.ActiveCfg = Release|Any CPU
		{EE34E3F1-EF56-4A21-BA10-437081D4D7CC}.TestServer|Any CPU.ActiveCfg = Release|Any CPU
		{EE34E3F1-EF56-4A21-BA10-437081D4D7CC}.TestServer|Any CPU.Build.0 = Release|Any CPU
		{EE34E3F1-EF56-4A21-BA10-437081D4D7CC}.TestServer|Mixed Platforms.ActiveCfg = Release|Any CPU
		{EE34E3F1-EF56-4A21-BA10-437081D4D7CC}.TestServer|Mixed Platforms.Build.0 = Release|Any CPU
		{EE34E3F1-EF56-4A21-BA10-437081D4D7CC}.TestServer|x86.ActiveCfg = Release|Any CPU
		{B5D99B5F-6DD6-4319-8A16-BCC43DDAB1F7}.Debug|Any CPU.ActiveCfg = Debug|x86
		{B5D99B5F-6DD6-4319-8A16-BCC43DDAB1F7}.Debug|Mixed Platforms.ActiveCfg = Debug|x86
		{B5D99B5F-6DD6-4319-8A16-BCC43DDAB1F7}.Debug|Mixed Platforms.Build.0 = Debug|x86
		{B5D99B5F-6DD6-4319-8A16-BCC43DDAB1F7}.Debug|x86.ActiveCfg = Debug|x86
		{B5D99B5F-6DD6-4319-8A16-BCC43DDAB1F7}.Debug|x86.Build.0 = Debug|x86
		{B5D99B5F-6DD6-4319-8A16-BCC43DDAB1F7}.Production|Any CPU.ActiveCfg = Release|x86
		{B5D99B5F-6DD6-4319-8A16-BCC43DDAB1F7}.Production|Mixed Platforms.ActiveCfg = Release|x86
		{B5D99B5F-6DD6-4319-8A16-BCC43DDAB1F7}.Production|Mixed Platforms.Build.0 = Release|x86
		{B5D99B5F-6DD6-4319-8A16-BCC43DDAB1F7}.Production|x86.ActiveCfg = Release|x86
		{B5D99B5F-6DD6-4319-8A16-BCC43DDAB1F7}.Production|x86.Build.0 = Release|x86
		{B5D99B5F-6DD6-4319-8A16-BCC43DDAB1F7}.Release|Any CPU.ActiveCfg = Release|x86
		{B5D99B5F-6DD6-4319-8A16-BCC43DDAB1F7}.Release|Mixed Platforms.ActiveCfg = Release|x86
		{B5D99B5F-6DD6-4319-8A16-BCC43DDAB1F7}.Release|Mixed Platforms.Build.0 = Release|x86
		{B5D99B5F-6DD6-4319-8A16-BCC43DDAB1F7}.Release|x86.ActiveCfg = Release|x86
		{B5D99B5F-6DD6-4319-8A16-BCC43DDAB1F7}.Release|x86.Build.0 = Release|x86
		{B5D99B5F-6DD6-4319-8A16-BCC43DDAB1F7}.TestLiveBackup|Any CPU.ActiveCfg = Release|x86
		{B5D99B5F-6DD6-4319-8A16-BCC43DDAB1F7}.TestLiveBackup|Mixed Platforms.ActiveCfg = Release|x86
		{B5D99B5F-6DD6-4319-8A16-BCC43DDAB1F7}.TestLiveBackup|Mixed Platforms.Build.0 = Release|x86
		{B5D99B5F-6DD6-4319-8A16-BCC43DDAB1F7}.TestLiveBackup|x86.ActiveCfg = Release|x86
		{B5D99B5F-6DD6-4319-8A16-BCC43DDAB1F7}.TestLiveBackup|x86.Build.0 = Release|x86
		{B5D99B5F-6DD6-4319-8A16-BCC43DDAB1F7}.TestServer|Any CPU.ActiveCfg = Release|x86
		{B5D99B5F-6DD6-4319-8A16-BCC43DDAB1F7}.TestServer|Mixed Platforms.ActiveCfg = Release|x86
		{B5D99B5F-6DD6-4319-8A16-BCC43DDAB1F7}.TestServer|Mixed Platforms.Build.0 = Release|x86
		{B5D99B5F-6DD6-4319-8A16-BCC43DDAB1F7}.TestServer|x86.ActiveCfg = Release|x86
		{B5D99B5F-6DD6-4319-8A16-BCC43DDAB1F7}.TestServer|x86.Build.0 = Release|x86
		{0CB96F75-A884-481A-9762-F1D29C3D563A}.Debug|Any CPU.ActiveCfg = Debug|Any CPU
		{0CB96F75-A884-481A-9762-F1D29C3D563A}.Debug|Any CPU.Build.0 = Debug|Any CPU
		{0CB96F75-A884-481A-9762-F1D29C3D563A}.Debug|Mixed Platforms.ActiveCfg = Debug|Any CPU
		{0CB96F75-A884-481A-9762-F1D29C3D563A}.Debug|Mixed Platforms.Build.0 = Debug|Any CPU
		{0CB96F75-A884-481A-9762-F1D29C3D563A}.Debug|x86.ActiveCfg = Debug|Any CPU
		{0CB96F75-A884-481A-9762-F1D29C3D563A}.Production|Any CPU.ActiveCfg = Release|Any CPU
		{0CB96F75-A884-481A-9762-F1D29C3D563A}.Production|Any CPU.Build.0 = Release|Any CPU
		{0CB96F75-A884-481A-9762-F1D29C3D563A}.Production|Mixed Platforms.ActiveCfg = Release|Any CPU
		{0CB96F75-A884-481A-9762-F1D29C3D563A}.Production|Mixed Platforms.Build.0 = Release|Any CPU
		{0CB96F75-A884-481A-9762-F1D29C3D563A}.Production|x86.ActiveCfg = Release|Any CPU
		{0CB96F75-A884-481A-9762-F1D29C3D563A}.Release|Any CPU.ActiveCfg = Release|Any CPU
		{0CB96F75-A884-481A-9762-F1D29C3D563A}.Release|Any CPU.Build.0 = Release|Any CPU
		{0CB96F75-A884-481A-9762-F1D29C3D563A}.Release|Mixed Platforms.ActiveCfg = Release|Any CPU
		{0CB96F75-A884-481A-9762-F1D29C3D563A}.Release|Mixed Platforms.Build.0 = Release|Any CPU
		{0CB96F75-A884-481A-9762-F1D29C3D563A}.Release|x86.ActiveCfg = Release|Any CPU
		{0CB96F75-A884-481A-9762-F1D29C3D563A}.TestLiveBackup|Any CPU.ActiveCfg = Release|Any CPU
		{0CB96F75-A884-481A-9762-F1D29C3D563A}.TestLiveBackup|Any CPU.Build.0 = Release|Any CPU
		{0CB96F75-A884-481A-9762-F1D29C3D563A}.TestLiveBackup|Mixed Platforms.ActiveCfg = Release|Any CPU
		{0CB96F75-A884-481A-9762-F1D29C3D563A}.TestLiveBackup|Mixed Platforms.Build.0 = Release|Any CPU
		{0CB96F75-A884-481A-9762-F1D29C3D563A}.TestLiveBackup|x86.ActiveCfg = Release|Any CPU
		{0CB96F75-A884-481A-9762-F1D29C3D563A}.TestServer|Any CPU.ActiveCfg = Release|Any CPU
		{0CB96F75-A884-481A-9762-F1D29C3D563A}.TestServer|Any CPU.Build.0 = Release|Any CPU
		{0CB96F75-A884-481A-9762-F1D29C3D563A}.TestServer|Mixed Platforms.ActiveCfg = Release|Any CPU
		{0CB96F75-A884-481A-9762-F1D29C3D563A}.TestServer|Mixed Platforms.Build.0 = Release|Any CPU
		{0CB96F75-A884-481A-9762-F1D29C3D563A}.TestServer|x86.ActiveCfg = Release|Any CPU
		{5AA5C664-BAB0-4711-B8BC-53D856BA3EF7}.Debug|Any CPU.ActiveCfg = Debug|Any CPU
		{5AA5C664-BAB0-4711-B8BC-53D856BA3EF7}.Debug|Any CPU.Build.0 = Debug|Any CPU
		{5AA5C664-BAB0-4711-B8BC-53D856BA3EF7}.Debug|Mixed Platforms.ActiveCfg = Debug|Any CPU
		{5AA5C664-BAB0-4711-B8BC-53D856BA3EF7}.Debug|Mixed Platforms.Build.0 = Debug|Any CPU
		{5AA5C664-BAB0-4711-B8BC-53D856BA3EF7}.Debug|x86.ActiveCfg = Debug|Any CPU
		{5AA5C664-BAB0-4711-B8BC-53D856BA3EF7}.Production|Any CPU.ActiveCfg = Release|Any CPU
		{5AA5C664-BAB0-4711-B8BC-53D856BA3EF7}.Production|Any CPU.Build.0 = Release|Any CPU
		{5AA5C664-BAB0-4711-B8BC-53D856BA3EF7}.Production|Mixed Platforms.ActiveCfg = Release|Any CPU
		{5AA5C664-BAB0-4711-B8BC-53D856BA3EF7}.Production|Mixed Platforms.Build.0 = Release|Any CPU
		{5AA5C664-BAB0-4711-B8BC-53D856BA3EF7}.Production|x86.ActiveCfg = Release|Any CPU
		{5AA5C664-BAB0-4711-B8BC-53D856BA3EF7}.Release|Any CPU.ActiveCfg = Release|Any CPU
		{5AA5C664-BAB0-4711-B8BC-53D856BA3EF7}.Release|Any CPU.Build.0 = Release|Any CPU
		{5AA5C664-BAB0-4711-B8BC-53D856BA3EF7}.Release|Mixed Platforms.ActiveCfg = Release|Any CPU
		{5AA5C664-BAB0-4711-B8BC-53D856BA3EF7}.Release|Mixed Platforms.Build.0 = Release|Any CPU
		{5AA5C664-BAB0-4711-B8BC-53D856BA3EF7}.Release|x86.ActiveCfg = Release|Any CPU
		{5AA5C664-BAB0-4711-B8BC-53D856BA3EF7}.TestLiveBackup|Any CPU.ActiveCfg = Release|Any CPU
		{5AA5C664-BAB0-4711-B8BC-53D856BA3EF7}.TestLiveBackup|Any CPU.Build.0 = Release|Any CPU
		{5AA5C664-BAB0-4711-B8BC-53D856BA3EF7}.TestLiveBackup|Mixed Platforms.ActiveCfg = Release|Any CPU
		{5AA5C664-BAB0-4711-B8BC-53D856BA3EF7}.TestLiveBackup|Mixed Platforms.Build.0 = Release|Any CPU
		{5AA5C664-BAB0-4711-B8BC-53D856BA3EF7}.TestLiveBackup|x86.ActiveCfg = Release|Any CPU
		{5AA5C664-BAB0-4711-B8BC-53D856BA3EF7}.TestServer|Any CPU.ActiveCfg = Release|Any CPU
		{5AA5C664-BAB0-4711-B8BC-53D856BA3EF7}.TestServer|Any CPU.Build.0 = Release|Any CPU
		{5AA5C664-BAB0-4711-B8BC-53D856BA3EF7}.TestServer|Mixed Platforms.ActiveCfg = Release|Any CPU
		{5AA5C664-BAB0-4711-B8BC-53D856BA3EF7}.TestServer|Mixed Platforms.Build.0 = Release|Any CPU
		{5AA5C664-BAB0-4711-B8BC-53D856BA3EF7}.TestServer|x86.ActiveCfg = Release|Any CPU
		{04C82F00-5ED6-4296-B2AC-BD264F675C51}.Debug|Any CPU.ActiveCfg = Debug|Any CPU
		{04C82F00-5ED6-4296-B2AC-BD264F675C51}.Debug|Any CPU.Build.0 = Debug|Any CPU
		{04C82F00-5ED6-4296-B2AC-BD264F675C51}.Debug|Mixed Platforms.ActiveCfg = Debug|Any CPU
		{04C82F00-5ED6-4296-B2AC-BD264F675C51}.Debug|Mixed Platforms.Build.0 = Debug|Any CPU
		{04C82F00-5ED6-4296-B2AC-BD264F675C51}.Debug|x86.ActiveCfg = Debug|Any CPU
		{04C82F00-5ED6-4296-B2AC-BD264F675C51}.Production|Any CPU.ActiveCfg = Release|Any CPU
		{04C82F00-5ED6-4296-B2AC-BD264F675C51}.Production|Any CPU.Build.0 = Release|Any CPU
		{04C82F00-5ED6-4296-B2AC-BD264F675C51}.Production|Mixed Platforms.ActiveCfg = Release|Any CPU
		{04C82F00-5ED6-4296-B2AC-BD264F675C51}.Production|Mixed Platforms.Build.0 = Release|Any CPU
		{04C82F00-5ED6-4296-B2AC-BD264F675C51}.Production|x86.ActiveCfg = Release|Any CPU
		{04C82F00-5ED6-4296-B2AC-BD264F675C51}.Release|Any CPU.ActiveCfg = Release|Any CPU
		{04C82F00-5ED6-4296-B2AC-BD264F675C51}.Release|Any CPU.Build.0 = Release|Any CPU
		{04C82F00-5ED6-4296-B2AC-BD264F675C51}.Release|Mixed Platforms.ActiveCfg = Release|Any CPU
		{04C82F00-5ED6-4296-B2AC-BD264F675C51}.Release|Mixed Platforms.Build.0 = Release|Any CPU
		{04C82F00-5ED6-4296-B2AC-BD264F675C51}.Release|x86.ActiveCfg = Release|Any CPU
		{04C82F00-5ED6-4296-B2AC-BD264F675C51}.TestLiveBackup|Any CPU.ActiveCfg = Release|Any CPU
		{04C82F00-5ED6-4296-B2AC-BD264F675C51}.TestLiveBackup|Any CPU.Build.0 = Release|Any CPU
		{04C82F00-5ED6-4296-B2AC-BD264F675C51}.TestLiveBackup|Mixed Platforms.ActiveCfg = Release|Any CPU
		{04C82F00-5ED6-4296-B2AC-BD264F675C51}.TestLiveBackup|Mixed Platforms.Build.0 = Release|Any CPU
		{04C82F00-5ED6-4296-B2AC-BD264F675C51}.TestLiveBackup|x86.ActiveCfg = Release|Any CPU
		{04C82F00-5ED6-4296-B2AC-BD264F675C51}.TestServer|Any CPU.ActiveCfg = Release|Any CPU
		{04C82F00-5ED6-4296-B2AC-BD264F675C51}.TestServer|Any CPU.Build.0 = Release|Any CPU
		{04C82F00-5ED6-4296-B2AC-BD264F675C51}.TestServer|Mixed Platforms.ActiveCfg = Release|Any CPU
		{04C82F00-5ED6-4296-B2AC-BD264F675C51}.TestServer|Mixed Platforms.Build.0 = Release|Any CPU
		{04C82F00-5ED6-4296-B2AC-BD264F675C51}.TestServer|x86.ActiveCfg = Release|Any CPU
		{ACDC462E-8219-4D63-8C31-EB94CF7E6A5A}.Debug|Any CPU.ActiveCfg = Debug|Any CPU
		{ACDC462E-8219-4D63-8C31-EB94CF7E6A5A}.Debug|Any CPU.Build.0 = Debug|Any CPU
		{ACDC462E-8219-4D63-8C31-EB94CF7E6A5A}.Debug|Mixed Platforms.ActiveCfg = Debug|Any CPU
		{ACDC462E-8219-4D63-8C31-EB94CF7E6A5A}.Debug|Mixed Platforms.Build.0 = Debug|Any CPU
		{ACDC462E-8219-4D63-8C31-EB94CF7E6A5A}.Debug|x86.ActiveCfg = Debug|Any CPU
		{ACDC462E-8219-4D63-8C31-EB94CF7E6A5A}.Production|Any CPU.ActiveCfg = Release|Any CPU
		{ACDC462E-8219-4D63-8C31-EB94CF7E6A5A}.Production|Any CPU.Build.0 = Release|Any CPU
		{ACDC462E-8219-4D63-8C31-EB94CF7E6A5A}.Production|Mixed Platforms.ActiveCfg = Release|Any CPU
		{ACDC462E-8219-4D63-8C31-EB94CF7E6A5A}.Production|Mixed Platforms.Build.0 = Release|Any CPU
		{ACDC462E-8219-4D63-8C31-EB94CF7E6A5A}.Production|x86.ActiveCfg = Release|Any CPU
		{ACDC462E-8219-4D63-8C31-EB94CF7E6A5A}.Release|Any CPU.ActiveCfg = Release|Any CPU
		{ACDC462E-8219-4D63-8C31-EB94CF7E6A5A}.Release|Any CPU.Build.0 = Release|Any CPU
		{ACDC462E-8219-4D63-8C31-EB94CF7E6A5A}.Release|Mixed Platforms.ActiveCfg = Release|Any CPU
		{ACDC462E-8219-4D63-8C31-EB94CF7E6A5A}.Release|Mixed Platforms.Build.0 = Release|Any CPU
		{ACDC462E-8219-4D63-8C31-EB94CF7E6A5A}.Release|x86.ActiveCfg = Release|Any CPU
		{ACDC462E-8219-4D63-8C31-EB94CF7E6A5A}.TestLiveBackup|Any CPU.ActiveCfg = Release|Any CPU
		{ACDC462E-8219-4D63-8C31-EB94CF7E6A5A}.TestLiveBackup|Any CPU.Build.0 = Release|Any CPU
		{ACDC462E-8219-4D63-8C31-EB94CF7E6A5A}.TestLiveBackup|Mixed Platforms.ActiveCfg = Release|Any CPU
		{ACDC462E-8219-4D63-8C31-EB94CF7E6A5A}.TestLiveBackup|Mixed Platforms.Build.0 = Release|Any CPU
		{ACDC462E-8219-4D63-8C31-EB94CF7E6A5A}.TestLiveBackup|x86.ActiveCfg = Release|Any CPU
		{ACDC462E-8219-4D63-8C31-EB94CF7E6A5A}.TestServer|Any CPU.ActiveCfg = Release|Any CPU
		{ACDC462E-8219-4D63-8C31-EB94CF7E6A5A}.TestServer|Any CPU.Build.0 = Release|Any CPU
		{ACDC462E-8219-4D63-8C31-EB94CF7E6A5A}.TestServer|Mixed Platforms.ActiveCfg = Release|Any CPU
		{ACDC462E-8219-4D63-8C31-EB94CF7E6A5A}.TestServer|Mixed Platforms.Build.0 = Release|Any CPU
		{ACDC462E-8219-4D63-8C31-EB94CF7E6A5A}.TestServer|x86.ActiveCfg = Release|Any CPU
		{9D968E8B-6D6E-47A7-8146-3A76558E1E78}.Debug|Any CPU.ActiveCfg = Debug|x86
		{9D968E8B-6D6E-47A7-8146-3A76558E1E78}.Debug|Mixed Platforms.ActiveCfg = Debug|x86
		{9D968E8B-6D6E-47A7-8146-3A76558E1E78}.Debug|Mixed Platforms.Build.0 = Debug|x86
		{9D968E8B-6D6E-47A7-8146-3A76558E1E78}.Debug|x86.ActiveCfg = Debug|x86
		{9D968E8B-6D6E-47A7-8146-3A76558E1E78}.Debug|x86.Build.0 = Debug|x86
		{9D968E8B-6D6E-47A7-8146-3A76558E1E78}.Production|Any CPU.ActiveCfg = Release|x86
		{9D968E8B-6D6E-47A7-8146-3A76558E1E78}.Production|Mixed Platforms.ActiveCfg = Release|x86
		{9D968E8B-6D6E-47A7-8146-3A76558E1E78}.Production|Mixed Platforms.Build.0 = Release|x86
		{9D968E8B-6D6E-47A7-8146-3A76558E1E78}.Production|x86.ActiveCfg = Release|x86
		{9D968E8B-6D6E-47A7-8146-3A76558E1E78}.Production|x86.Build.0 = Release|x86
		{9D968E8B-6D6E-47A7-8146-3A76558E1E78}.Release|Any CPU.ActiveCfg = Release|x86
		{9D968E8B-6D6E-47A7-8146-3A76558E1E78}.Release|Mixed Platforms.ActiveCfg = Release|x86
		{9D968E8B-6D6E-47A7-8146-3A76558E1E78}.Release|Mixed Platforms.Build.0 = Release|x86
		{9D968E8B-6D6E-47A7-8146-3A76558E1E78}.Release|x86.ActiveCfg = Release|x86
		{9D968E8B-6D6E-47A7-8146-3A76558E1E78}.Release|x86.Build.0 = Release|x86
		{9D968E8B-6D6E-47A7-8146-3A76558E1E78}.TestLiveBackup|Any CPU.ActiveCfg = Release|x86
		{9D968E8B-6D6E-47A7-8146-3A76558E1E78}.TestLiveBackup|Mixed Platforms.ActiveCfg = Release|x86
		{9D968E8B-6D6E-47A7-8146-3A76558E1E78}.TestLiveBackup|Mixed Platforms.Build.0 = Release|x86
		{9D968E8B-6D6E-47A7-8146-3A76558E1E78}.TestLiveBackup|x86.ActiveCfg = Release|x86
		{9D968E8B-6D6E-47A7-8146-3A76558E1E78}.TestLiveBackup|x86.Build.0 = Release|x86
		{9D968E8B-6D6E-47A7-8146-3A76558E1E78}.TestServer|Any CPU.ActiveCfg = Release|x86
		{9D968E8B-6D6E-47A7-8146-3A76558E1E78}.TestServer|Mixed Platforms.ActiveCfg = Release|x86
		{9D968E8B-6D6E-47A7-8146-3A76558E1E78}.TestServer|Mixed Platforms.Build.0 = Release|x86
		{9D968E8B-6D6E-47A7-8146-3A76558E1E78}.TestServer|x86.ActiveCfg = Release|x86
		{9D968E8B-6D6E-47A7-8146-3A76558E1E78}.TestServer|x86.Build.0 = Release|x86
		{3747FBA0-6B78-433F-A5F7-F7D62975AFCB}.Debug|Any CPU.ActiveCfg = Debug|Any CPU
		{3747FBA0-6B78-433F-A5F7-F7D62975AFCB}.Debug|Any CPU.Build.0 = Debug|Any CPU
		{3747FBA0-6B78-433F-A5F7-F7D62975AFCB}.Debug|Mixed Platforms.ActiveCfg = Debug|Any CPU
		{3747FBA0-6B78-433F-A5F7-F7D62975AFCB}.Debug|Mixed Platforms.Build.0 = Debug|Any CPU
		{3747FBA0-6B78-433F-A5F7-F7D62975AFCB}.Debug|x86.ActiveCfg = Debug|Any CPU
		{3747FBA0-6B78-433F-A5F7-F7D62975AFCB}.Production|Any CPU.ActiveCfg = Release|Any CPU
		{3747FBA0-6B78-433F-A5F7-F7D62975AFCB}.Production|Any CPU.Build.0 = Release|Any CPU
		{3747FBA0-6B78-433F-A5F7-F7D62975AFCB}.Production|Mixed Platforms.ActiveCfg = Release|Any CPU
		{3747FBA0-6B78-433F-A5F7-F7D62975AFCB}.Production|Mixed Platforms.Build.0 = Release|Any CPU
		{3747FBA0-6B78-433F-A5F7-F7D62975AFCB}.Production|x86.ActiveCfg = Release|Any CPU
		{3747FBA0-6B78-433F-A5F7-F7D62975AFCB}.Release|Any CPU.ActiveCfg = Release|Any CPU
		{3747FBA0-6B78-433F-A5F7-F7D62975AFCB}.Release|Any CPU.Build.0 = Release|Any CPU
		{3747FBA0-6B78-433F-A5F7-F7D62975AFCB}.Release|Mixed Platforms.ActiveCfg = Release|Any CPU
		{3747FBA0-6B78-433F-A5F7-F7D62975AFCB}.Release|Mixed Platforms.Build.0 = Release|Any CPU
		{3747FBA0-6B78-433F-A5F7-F7D62975AFCB}.Release|x86.ActiveCfg = Release|Any CPU
		{3747FBA0-6B78-433F-A5F7-F7D62975AFCB}.TestLiveBackup|Any CPU.ActiveCfg = Release|Any CPU
		{3747FBA0-6B78-433F-A5F7-F7D62975AFCB}.TestLiveBackup|Any CPU.Build.0 = Release|Any CPU
		{3747FBA0-6B78-433F-A5F7-F7D62975AFCB}.TestLiveBackup|Mixed Platforms.ActiveCfg = Release|Any CPU
		{3747FBA0-6B78-433F-A5F7-F7D62975AFCB}.TestLiveBackup|Mixed Platforms.Build.0 = Release|Any CPU
		{3747FBA0-6B78-433F-A5F7-F7D62975AFCB}.TestLiveBackup|x86.ActiveCfg = Release|Any CPU
		{3747FBA0-6B78-433F-A5F7-F7D62975AFCB}.TestServer|Any CPU.ActiveCfg = Release|Any CPU
		{3747FBA0-6B78-433F-A5F7-F7D62975AFCB}.TestServer|Any CPU.Build.0 = Release|Any CPU
		{3747FBA0-6B78-433F-A5F7-F7D62975AFCB}.TestServer|Mixed Platforms.ActiveCfg = Release|Any CPU
		{3747FBA0-6B78-433F-A5F7-F7D62975AFCB}.TestServer|Mixed Platforms.Build.0 = Release|Any CPU
		{3747FBA0-6B78-433F-A5F7-F7D62975AFCB}.TestServer|x86.ActiveCfg = Release|Any CPU
	EndGlobalSection
	GlobalSection(SolutionProperties) = preSolution
		HideSolutionNode = FALSE
	EndGlobalSection
	GlobalSection(NestedProjects) = preSolution
		{49E6C297-6D22-4656-94FA-EC11D180AE58} = {7E98420F-A542-4F99-A819-1D15782CD9CC}
		{7E10F3FB-8B49-4639-8AEC-8FF866E9ADD6} = {7E98420F-A542-4F99-A819-1D15782CD9CC}
		{3747FBA0-6B78-433F-A5F7-F7D62975AFCB} = {488E43E9-D6A5-4226-AECC-F642F8DA2C87}
		{EE34E3F1-EF56-4A21-BA10-437081D4D7CC} = {B67D9067-24B4-4A2D-8174-DD694DAF2E4B}
		{0CB96F75-A884-481A-9762-F1D29C3D563A} = {4BF59E86-25D0-4F3E-9A25-3A57DDA9572E}
		{04C82F00-5ED6-4296-B2AC-BD264F675C51} = {CBBEAADF-A929-453B-84D3-6E31B388B54A}
		{5AA5C664-BAB0-4711-B8BC-53D856BA3EF7} = {CBBEAADF-A929-453B-84D3-6E31B388B54A}
		{ACDC462E-8219-4D63-8C31-EB94CF7E6A5A} = {5999DCD5-1B28-4253-98B6-283F5DDC4983}
		{9D968E8B-6D6E-47A7-8146-3A76558E1E78} = {A4AB1D9D-821E-4524-91C2-0844A0A3F6E2}
		{B5D99B5F-6DD6-4319-8A16-BCC43DDAB1F7} = {A4AB1D9D-821E-4524-91C2-0844A0A3F6E2}
	EndGlobalSection
EndGlobal
